
Microsoft Visual Studio Solution File, Format Version 12.00
# Visual Studio 15
VisualStudioVersion = 15.0.28307.106
MinimumVisualStudioVersion = 10.0.40219.1
Project("{FAE04EC0-301F-11D3-BF4B-00C04F79EFBC}") = "CONSOLE APP 3", "CONSOLE APP 3\CONSOLE APP 3.csproj", "{BC00F027-775D-4492-AEE6-48ED7615C579}"
EndProject
Global
	GlobalSection(SolutionConfigurationPlatforms) = preSolution
		Debug|Any CPU = Debug|Any CPU
		Release|Any CPU = Release|Any CPU
	EndGlobalSection
	GlobalSection(ProjectConfigurationPlatforms) = postSolution
		{BC00F027-775D-4492-AEE6-48ED7615C579}.Debug|Any CPU.ActiveCfg = Debug|Any CPU
		{BC00F027-775D-4492-AEE6-48ED7615C579}.Debug|Any CPU.Build.0 = Debug|Any CPU
		{BC00F027-775D-4492-AEE6-48ED7615C579}.Release|Any CPU.ActiveCfg = Release|Any CPU
		{BC00F027-775D-4492-AEE6-48ED7615C579}.Release|Any CPU.Build.0 = Release|Any CPU
	EndGlobalSection
	GlobalSection(SolutionProperties) = preSolution
		HideSolutionNode = FALSE
	EndGlobalSection
	GlobalSection(ExtensibilityGlobals) = postSolution
		SolutionGuid = {278EA2CE-C0E1-4406-ACD3-2B152CA40BBE}
	EndGlobalSection
EndGlobal
